// !$*UTF8*$!
{
	archiveVersion = 1;
	classes = {
	};
	objectVersion = 50;
	objects = {

/* Begin PBXBuildFile section */
		1A02DDA0250CB59A00838727 /* ColorCompatibility.swift in Sources */ = {isa = PBXBuildFile; fileRef = 1A02DD9F250CB59A00838727 /* ColorCompatibility.swift */; };
		1A404906250AB0350079A0F1 /* SearchHistoryHelper.swift in Sources */ = {isa = PBXBuildFile; fileRef = 1A404905250AB0350079A0F1 /* SearchHistoryHelper.swift */; };
		1A40490E250AC0600079A0F1 /* AppsTableViewController.swift in Sources */ = {isa = PBXBuildFile; fileRef = 1A40490D250AC0600079A0F1 /* AppsTableViewController.swift */; };
		1A404910250AC08D0079A0F1 /* App.swift in Sources */ = {isa = PBXBuildFile; fileRef = 1A40490F250AC08D0079A0F1 /* App.swift */; };
		1A404912250AC0E80079A0F1 /* AppTableViewCell.swift in Sources */ = {isa = PBXBuildFile; fileRef = 1A404911250AC0E80079A0F1 /* AppTableViewCell.swift */; };
		1A404914250AC3220079A0F1 /* Designable.swift in Sources */ = {isa = PBXBuildFile; fileRef = 1A404913250AC3220079A0F1 /* Designable.swift */; };
		1AEBE29A2509DF5D001840F5 /* AppDelegate.swift in Sources */ = {isa = PBXBuildFile; fileRef = 1AEBE2992509DF5D001840F5 /* AppDelegate.swift */; };
		1AEBE29C2509DF5D001840F5 /* SceneDelegate.swift in Sources */ = {isa = PBXBuildFile; fileRef = 1AEBE29B2509DF5D001840F5 /* SceneDelegate.swift */; };
		1AEBE2A32509DF5D001840F5 /* Main.storyboard in Resources */ = {isa = PBXBuildFile; fileRef = 1AEBE2A12509DF5D001840F5 /* Main.storyboard */; };
		1AEBE2A52509DF5F001840F5 /* Assets.xcassets in Resources */ = {isa = PBXBuildFile; fileRef = 1AEBE2A42509DF5F001840F5 /* Assets.xcassets */; };
		1AEBE2A82509DF5F001840F5 /* LaunchScreen.storyboard in Resources */ = {isa = PBXBuildFile; fileRef = 1AEBE2A62509DF5F001840F5 /* LaunchScreen.storyboard */; };
		1AEBE2B02509E023001840F5 /* MainTabBarViewController.swift in Sources */ = {isa = PBXBuildFile; fileRef = 1AEBE2AF2509E023001840F5 /* MainTabBarViewController.swift */; };
		1AEBE2BF2509E053001840F5 /* AppViewController.swift in Sources */ = {isa = PBXBuildFile; fileRef = 1AEBE2B32509E052001840F5 /* AppViewController.swift */; };
		1AEBE2C02509E053001840F5 /* UpdateViewController.swift in Sources */ = {isa = PBXBuildFile; fileRef = 1AEBE2B52509E052001840F5 /* UpdateViewController.swift */; };
		1AEBE2C12509E053001840F5 /* TodayViewController.swift in Sources */ = {isa = PBXBuildFile; fileRef = 1AEBE2B72509E052001840F5 /* TodayViewController.swift */; };
		1AEBE2C22509E053001840F5 /* GameViewController.swift in Sources */ = {isa = PBXBuildFile; fileRef = 1AEBE2B92509E052001840F5 /* GameViewController.swift */; };
		1AEBE2C32509E053001840F5 /* SearchViewController.swift in Sources */ = {isa = PBXBuildFile; fileRef = 1AEBE2BB2509E052001840F5 /* SearchViewController.swift */; };
		1AEBE2C42509E053001840F5 /* SearchedTermTableViewCell.swift in Sources */ = {isa = PBXBuildFile; fileRef = 1AEBE2BC2509E052001840F5 /* SearchedTermTableViewCell.swift */; };
		1AEBE2C52509E053001840F5 /* SearchResultContainerViewController.swift in Sources */ = {isa = PBXBuildFile; fileRef = 1AEBE2BD2509E052001840F5 /* SearchResultContainerViewController.swift */; };
		1AEBE2C62509E053001840F5 /* SearchedTermsTableViewController.swift in Sources */ = {isa = PBXBuildFile; fileRef = 1AEBE2BE2509E052001840F5 /* SearchedTermsTableViewController.swift */; };
		1AEBE2C92509E05F001840F5 /* UIViewController+Child.swift in Sources */ = {isa = PBXBuildFile; fileRef = 1AEBE2C82509E05F001840F5 /* UIViewController+Child.swift */; };
		1AEBE2CC2509E426001840F5 /* SearchType.swift in Sources */ = {isa = PBXBuildFile; fileRef = 1AEBE2CB2509E426001840F5 /* SearchType.swift */; };
		634E165260DA91C1AB482155 /* Pods_KakaoBank_iOS.framework in Frameworks */ = {isa = PBXBuildFile; fileRef = 24539A6640E928E392D63EDC /* Pods_KakaoBank_iOS.framework */; };
/* End PBXBuildFile section */

/* Begin PBXFileReference section */
		1A02DD9F250CB59A00838727 /* ColorCompatibility.swift */ = {isa = PBXFileReference; lastKnownFileType = sourcecode.swift; path = ColorCompatibility.swift; sourceTree = "<group>"; };
		1A404905250AB0350079A0F1 /* SearchHistoryHelper.swift */ = {isa = PBXFileReference; lastKnownFileType = sourcecode.swift; path = SearchHistoryHelper.swift; sourceTree = "<group>"; };
		1A40490D250AC0600079A0F1 /* AppsTableViewController.swift */ = {isa = PBXFileReference; lastKnownFileType = sourcecode.swift; path = AppsTableViewController.swift; sourceTree = "<group>"; };
		1A40490F250AC08D0079A0F1 /* App.swift */ = {isa = PBXFileReference; lastKnownFileType = sourcecode.swift; path = App.swift; sourceTree = "<group>"; };
		1A404911250AC0E80079A0F1 /* AppTableViewCell.swift */ = {isa = PBXFileReference; lastKnownFileType = sourcecode.swift; path = AppTableViewCell.swift; sourceTree = "<group>"; };
		1A404913250AC3220079A0F1 /* Designable.swift */ = {isa = PBXFileReference; lastKnownFileType = sourcecode.swift; path = Designable.swift; sourceTree = "<group>"; };
		1AEBE2962509DF5D001840F5 /* KaBank.app */ = {isa = PBXFileReference; explicitFileType = wrapper.application; includeInIndex = 0; path = KaBank.app; sourceTree = BUILT_PRODUCTS_DIR; };
		1AEBE2992509DF5D001840F5 /* AppDelegate.swift */ = {isa = PBXFileReference; lastKnownFileType = sourcecode.swift; path = AppDelegate.swift; sourceTree = "<group>"; };
		1AEBE29B2509DF5D001840F5 /* SceneDelegate.swift */ = {isa = PBXFileReference; lastKnownFileType = sourcecode.swift; path = SceneDelegate.swift; sourceTree = "<group>"; };
		1AEBE2A22509DF5D001840F5 /* Base */ = {isa = PBXFileReference; lastKnownFileType = file.storyboard; name = Base; path = Base.lproj/Main.storyboard; sourceTree = "<group>"; };
		1AEBE2A42509DF5F001840F5 /* Assets.xcassets */ = {isa = PBXFileReference; lastKnownFileType = folder.assetcatalog; path = Assets.xcassets; sourceTree = "<group>"; };
		1AEBE2A72509DF5F001840F5 /* Base */ = {isa = PBXFileReference; lastKnownFileType = file.storyboard; name = Base; path = Base.lproj/LaunchScreen.storyboard; sourceTree = "<group>"; };
		1AEBE2A92509DF5F001840F5 /* Info.plist */ = {isa = PBXFileReference; lastKnownFileType = text.plist.xml; path = Info.plist; sourceTree = "<group>"; };
		1AEBE2AF2509E023001840F5 /* MainTabBarViewController.swift */ = {isa = PBXFileReference; fileEncoding = 4; lastKnownFileType = sourcecode.swift; path = MainTabBarViewController.swift; sourceTree = "<group>"; };
		1AEBE2B32509E052001840F5 /* AppViewController.swift */ = {isa = PBXFileReference; fileEncoding = 4; lastKnownFileType = sourcecode.swift; path = AppViewController.swift; sourceTree = "<group>"; };
		1AEBE2B52509E052001840F5 /* UpdateViewController.swift */ = {isa = PBXFileReference; fileEncoding = 4; lastKnownFileType = sourcecode.swift; path = UpdateViewController.swift; sourceTree = "<group>"; };
		1AEBE2B72509E052001840F5 /* TodayViewController.swift */ = {isa = PBXFileReference; fileEncoding = 4; lastKnownFileType = sourcecode.swift; path = TodayViewController.swift; sourceTree = "<group>"; };
		1AEBE2B92509E052001840F5 /* GameViewController.swift */ = {isa = PBXFileReference; fileEncoding = 4; lastKnownFileType = sourcecode.swift; path = GameViewController.swift; sourceTree = "<group>"; };
		1AEBE2BB2509E052001840F5 /* SearchViewController.swift */ = {isa = PBXFileReference; fileEncoding = 4; lastKnownFileType = sourcecode.swift; path = SearchViewController.swift; sourceTree = "<group>"; };
		1AEBE2BC2509E052001840F5 /* SearchedTermTableViewCell.swift */ = {isa = PBXFileReference; fileEncoding = 4; lastKnownFileType = sourcecode.swift; path = SearchedTermTableViewCell.swift; sourceTree = "<group>"; };
		1AEBE2BD2509E052001840F5 /* SearchResultContainerViewController.swift */ = {isa = PBXFileReference; fileEncoding = 4; lastKnownFileType = sourcecode.swift; path = SearchResultContainerViewController.swift; sourceTree = "<group>"; };
		1AEBE2BE2509E052001840F5 /* SearchedTermsTableViewController.swift */ = {isa = PBXFileReference; fileEncoding = 4; lastKnownFileType = sourcecode.swift; path = SearchedTermsTableViewController.swift; sourceTree = "<group>"; };
		1AEBE2C82509E05F001840F5 /* UIViewController+Child.swift */ = {isa = PBXFileReference; fileEncoding = 4; lastKnownFileType = sourcecode.swift; path = "UIViewController+Child.swift"; sourceTree = "<group>"; };
		1AEBE2CB2509E426001840F5 /* SearchType.swift */ = {isa = PBXFileReference; fileEncoding = 4; lastKnownFileType = sourcecode.swift; path = SearchType.swift; sourceTree = "<group>"; };
		24539A6640E928E392D63EDC /* Pods_KakaoBank_iOS.framework */ = {isa = PBXFileReference; explicitFileType = wrapper.framework; includeInIndex = 0; path = Pods_KakaoBank_iOS.framework; sourceTree = BUILT_PRODUCTS_DIR; };
		9E1C1F73750D4A0A21B231C1 /* Pods-KakaoBank-iOS.debug.xcconfig */ = {isa = PBXFileReference; includeInIndex = 1; lastKnownFileType = text.xcconfig; name = "Pods-KakaoBank-iOS.debug.xcconfig"; path = "Target Support Files/Pods-KakaoBank-iOS/Pods-KakaoBank-iOS.debug.xcconfig"; sourceTree = "<group>"; };
		A5319E0BDD721BD62A9FA585 /* Pods-KakaoBank-iOS.release.xcconfig */ = {isa = PBXFileReference; includeInIndex = 1; lastKnownFileType = text.xcconfig; name = "Pods-KakaoBank-iOS.release.xcconfig"; path = "Target Support Files/Pods-KakaoBank-iOS/Pods-KakaoBank-iOS.release.xcconfig"; sourceTree = "<group>"; };
/* End PBXFileReference section */

/* Begin PBXFrameworksBuildPhase section */
		1AEBE2932509DF5D001840F5 /* Frameworks */ = {
			isa = PBXFrameworksBuildPhase;
			buildActionMask = 2147483647;
			files = (
				634E165260DA91C1AB482155 /* Pods_KakaoBank_iOS.framework in Frameworks */,
			);
			runOnlyForDeploymentPostprocessing = 0;
		};
/* End PBXFrameworksBuildPhase section */

/* Begin PBXGroup section */
		0798F83121E3EEB7C6C7DE69 /* Frameworks */ = {
			isa = PBXGroup;
			children = (
				24539A6640E928E392D63EDC /* Pods_KakaoBank_iOS.framework */,
			);
			name = Frameworks;
			sourceTree = "<group>";
		};
		1158F91E73F56A3A641C0D63 /* Pods */ = {
			isa = PBXGroup;
			children = (
				9E1C1F73750D4A0A21B231C1 /* Pods-KakaoBank-iOS.debug.xcconfig */,
				A5319E0BDD721BD62A9FA585 /* Pods-KakaoBank-iOS.release.xcconfig */,
			);
			path = Pods;
			sourceTree = "<group>";
		};
		1A404904250AB0250079A0F1 /* Heplers */ = {
			isa = PBXGroup;
			children = (
				1A404905250AB0350079A0F1 /* SearchHistoryHelper.swift */,
				1A02DD9F250CB59A00838727 /* ColorCompatibility.swift */,
			);
			path = Heplers;
			sourceTree = "<group>";
		};
		1A40490A250ABB0D0079A0F1 /* Startup */ = {
			isa = PBXGroup;
			children = (
				1AEBE2992509DF5D001840F5 /* AppDelegate.swift */,
				1AEBE29B2509DF5D001840F5 /* SceneDelegate.swift */,
			);
			path = Startup;
			sourceTree = "<group>";
		};
		1A40490B250ABB4A0079A0F1 /* Resources */ = {
			isa = PBXGroup;
			children = (
				1AEBE2A42509DF5F001840F5 /* Assets.xcassets */,
				1AEBE2A12509DF5D001840F5 /* Main.storyboard */,
			);
			path = Resources;
			sourceTree = "<group>";
		};
		1A40490C250ABB5F0079A0F1 /* Supporting Files */ = {
			isa = PBXGroup;
			children = (
				1AEBE2A62509DF5F001840F5 /* LaunchScreen.storyboard */,
				1AEBE2A92509DF5F001840F5 /* Info.plist */,
			);
			path = "Supporting Files";
			sourceTree = "<group>";
		};
		1AEBE28D2509DF5D001840F5 = {
			isa = PBXGroup;
			children = (
				1AEBE2982509DF5D001840F5 /* KakaoBank-iOS */,
				1AEBE2972509DF5D001840F5 /* Products */,
				1158F91E73F56A3A641C0D63 /* Pods */,
				0798F83121E3EEB7C6C7DE69 /* Frameworks */,
			);
			sourceTree = "<group>";
		};
		1AEBE2972509DF5D001840F5 /* Products */ = {
			isa = PBXGroup;
			children = (
				1AEBE2962509DF5D001840F5 /* KaBank.app */,
			);
			name = Products;
			sourceTree = "<group>";
		};
		1AEBE2982509DF5D001840F5 /* KakaoBank-iOS */ = {
			isa = PBXGroup;
			children = (
				1A404904250AB0250079A0F1 /* Heplers */,
				1AEBE2C72509E05F001840F5 /* Extensions */,
				1AEBE2CA2509E426001840F5 /* Models */,
				1AEBE2B12509E052001840F5 /* ViewControllers */,
				1A40490A250ABB0D0079A0F1 /* Startup */,
				1A40490B250ABB4A0079A0F1 /* Resources */,
				1A40490C250ABB5F0079A0F1 /* Supporting Files */,
			);
			path = "KakaoBank-iOS";
			sourceTree = "<group>";
		};
		1AEBE2B12509E052001840F5 /* ViewControllers */ = {
			isa = PBXGroup;
			children = (
				1AEBE2B62509E052001840F5 /* Today */,
				1AEBE2B82509E052001840F5 /* Game */,
				1AEBE2B22509E052001840F5 /* App */,
				1AEBE2B42509E052001840F5 /* Update */,
				1AEBE2BA2509E052001840F5 /* Search */,
				1AEBE2AF2509E023001840F5 /* MainTabBarViewController.swift */,
			);
			path = ViewControllers;
			sourceTree = "<group>";
		};
		1AEBE2B22509E052001840F5 /* App */ = {
			isa = PBXGroup;
			children = (
				1AEBE2B32509E052001840F5 /* AppViewController.swift */,
			);
			path = App;
			sourceTree = "<group>";
		};
		1AEBE2B42509E052001840F5 /* Update */ = {
			isa = PBXGroup;
			children = (
				1AEBE2B52509E052001840F5 /* UpdateViewController.swift */,
			);
			path = Update;
			sourceTree = "<group>";
		};
		1AEBE2B62509E052001840F5 /* Today */ = {
			isa = PBXGroup;
			children = (
				1AEBE2B72509E052001840F5 /* TodayViewController.swift */,
			);
			path = Today;
			sourceTree = "<group>";
		};
		1AEBE2B82509E052001840F5 /* Game */ = {
			isa = PBXGroup;
			children = (
				1AEBE2B92509E052001840F5 /* GameViewController.swift */,
			);
			path = Game;
			sourceTree = "<group>";
		};
		1AEBE2BA2509E052001840F5 /* Search */ = {
			isa = PBXGroup;
			children = (
				1AEBE2BB2509E052001840F5 /* SearchViewController.swift */,
				1AEBE2BD2509E052001840F5 /* SearchResultContainerViewController.swift */,
				1AEBE2BE2509E052001840F5 /* SearchedTermsTableViewController.swift */,
				1AEBE2BC2509E052001840F5 /* SearchedTermTableViewCell.swift */,
				1A40490D250AC0600079A0F1 /* AppsTableViewController.swift */,
				1A404911250AC0E80079A0F1 /* AppTableViewCell.swift */,
			);
			path = Search;
			sourceTree = "<group>";
		};
		1AEBE2C72509E05F001840F5 /* Extensions */ = {
			isa = PBXGroup;
			children = (
				1AEBE2C82509E05F001840F5 /* UIViewController+Child.swift */,
				1A404913250AC3220079A0F1 /* Designable.swift */,
			);
			path = Extensions;
			sourceTree = "<group>";
		};
		1AEBE2CA2509E426001840F5 /* Models */ = {
			isa = PBXGroup;
			children = (
				1AEBE2CB2509E426001840F5 /* SearchType.swift */,
				1A40490F250AC08D0079A0F1 /* App.swift */,
			);
			path = Models;
			sourceTree = "<group>";
		};
/* End PBXGroup section */

/* Begin PBXNativeTarget section */
		1AEBE2952509DF5D001840F5 /* KakaoBank-iOS */ = {
			isa = PBXNativeTarget;
			buildConfigurationList = 1AEBE2AC2509DF5F001840F5 /* Build configuration list for PBXNativeTarget "KakaoBank-iOS" */;
			buildPhases = (
				26244A8C4857411709DBF259 /* [CP] Check Pods Manifest.lock */,
				1AEBE2922509DF5D001840F5 /* Sources */,
				1AEBE2932509DF5D001840F5 /* Frameworks */,
				1AEBE2942509DF5D001840F5 /* Resources */,
				B9FB585A2E3416616D94F664 /* [CP] Embed Pods Frameworks */,
			);
			buildRules = (
			);
			dependencies = (
			);
			name = "KakaoBank-iOS";
			productName = "KakaoBank-iOS";
			productReference = 1AEBE2962509DF5D001840F5 /* KaBank.app */;
			productType = "com.apple.product-type.application";
		};
/* End PBXNativeTarget section */

/* Begin PBXProject section */
		1AEBE28E2509DF5D001840F5 /* Project object */ = {
			isa = PBXProject;
			attributes = {
				LastSwiftUpdateCheck = 1170;
				LastUpgradeCheck = 1170;
				ORGANIZATIONNAME = "Youngjin Cheon";
				TargetAttributes = {
					1AEBE2952509DF5D001840F5 = {
						CreatedOnToolsVersion = 11.7;
					};
				};
			};
			buildConfigurationList = 1AEBE2912509DF5D001840F5 /* Build configuration list for PBXProject "KakaoBank-iOS" */;
			compatibilityVersion = "Xcode 9.3";
			developmentRegion = en;
			hasScannedForEncodings = 0;
			knownRegions = (
				en,
				Base,
			);
			mainGroup = 1AEBE28D2509DF5D001840F5;
			productRefGroup = 1AEBE2972509DF5D001840F5 /* Products */;
			projectDirPath = "";
			projectRoot = "";
			targets = (
				1AEBE2952509DF5D001840F5 /* KakaoBank-iOS */,
			);
		};
/* End PBXProject section */

/* Begin PBXResourcesBuildPhase section */
		1AEBE2942509DF5D001840F5 /* Resources */ = {
			isa = PBXResourcesBuildPhase;
			buildActionMask = 2147483647;
			files = (
				1AEBE2A82509DF5F001840F5 /* LaunchScreen.storyboard in Resources */,
				1AEBE2A52509DF5F001840F5 /* Assets.xcassets in Resources */,
				1AEBE2A32509DF5D001840F5 /* Main.storyboard in Resources */,
			);
			runOnlyForDeploymentPostprocessing = 0;
		};
/* End PBXResourcesBuildPhase section */

/* Begin PBXShellScriptBuildPhase section */
		26244A8C4857411709DBF259 /* [CP] Check Pods Manifest.lock */ = {
			isa = PBXShellScriptBuildPhase;
			buildActionMask = 2147483647;
			files = (
			);
			inputFileListPaths = (
			);
			inputPaths = (
				"${PODS_PODFILE_DIR_PATH}/Podfile.lock",
				"${PODS_ROOT}/Manifest.lock",
			);
			name = "[CP] Check Pods Manifest.lock";
			outputFileListPaths = (
			);
			outputPaths = (
				"$(DERIVED_FILE_DIR)/Pods-KakaoBank-iOS-checkManifestLockResult.txt",
			);
			runOnlyForDeploymentPostprocessing = 0;
			shellPath = /bin/sh;
			shellScript = "diff \"${PODS_PODFILE_DIR_PATH}/Podfile.lock\" \"${PODS_ROOT}/Manifest.lock\" > /dev/null\nif [ $? != 0 ] ; then\n    # print error to STDERR\n    echo \"error: The sandbox is not in sync with the Podfile.lock. Run 'pod install' or update your CocoaPods installation.\" >&2\n    exit 1\nfi\n# This output is used by Xcode 'outputs' to avoid re-running this script phase.\necho \"SUCCESS\" > \"${SCRIPT_OUTPUT_FILE_0}\"\n";
			showEnvVarsInLog = 0;
		};
		B9FB585A2E3416616D94F664 /* [CP] Embed Pods Frameworks */ = {
			isa = PBXShellScriptBuildPhase;
			buildActionMask = 2147483647;
			files = (
			);
			inputFileListPaths = (
				"${PODS_ROOT}/Target Support Files/Pods-KakaoBank-iOS/Pods-KakaoBank-iOS-frameworks-${CONFIGURATION}-input-files.xcfilelist",
			);
			name = "[CP] Embed Pods Frameworks";
			outputFileListPaths = (
				"${PODS_ROOT}/Target Support Files/Pods-KakaoBank-iOS/Pods-KakaoBank-iOS-frameworks-${CONFIGURATION}-output-files.xcfilelist",
			);
			runOnlyForDeploymentPostprocessing = 0;
			shellPath = /bin/sh;
			shellScript = "\"${PODS_ROOT}/Target Support Files/Pods-KakaoBank-iOS/Pods-KakaoBank-iOS-frameworks.sh\"\n";
			showEnvVarsInLog = 0;
		};
/* End PBXShellScriptBuildPhase section */

/* Begin PBXSourcesBuildPhase section */
		1AEBE2922509DF5D001840F5 /* Sources */ = {
			isa = PBXSourcesBuildPhase;
			buildActionMask = 2147483647;
			files = (
				1A404912250AC0E80079A0F1 /* AppTableViewCell.swift in Sources */,
				1A404914250AC3220079A0F1 /* Designable.swift in Sources */,
				1AEBE2C32509E053001840F5 /* SearchViewController.swift in Sources */,
				1A40490E250AC0600079A0F1 /* AppsTableViewController.swift in Sources */,
				1AEBE2BF2509E053001840F5 /* AppViewController.swift in Sources */,
				1AEBE2B02509E023001840F5 /* MainTabBarViewController.swift in Sources */,
				1AEBE2C42509E053001840F5 /* SearchedTermTableViewCell.swift in Sources */,
				1A404910250AC08D0079A0F1 /* App.swift in Sources */,
				1AEBE2C22509E053001840F5 /* GameViewController.swift in Sources */,
				1AEBE2C52509E053001840F5 /* SearchResultContainerViewController.swift in Sources */,
				1AEBE2C12509E053001840F5 /* TodayViewController.swift in Sources */,
				1AEBE2C92509E05F001840F5 /* UIViewController+Child.swift in Sources */,
				1AEBE29A2509DF5D001840F5 /* AppDelegate.swift in Sources */,
				1AEBE2C02509E053001840F5 /* UpdateViewController.swift in Sources */,
				1AEBE2CC2509E426001840F5 /* SearchType.swift in Sources */,
				1AEBE2C62509E053001840F5 /* SearchedTermsTableViewController.swift in Sources */,
				1AEBE29C2509DF5D001840F5 /* SceneDelegate.swift in Sources */,
				1A404906250AB0350079A0F1 /* SearchHistoryHelper.swift in Sources */,
				1A02DDA0250CB59A00838727 /* ColorCompatibility.swift in Sources */,
			);
			runOnlyForDeploymentPostprocessing = 0;
		};
/* End PBXSourcesBuildPhase section */

/* Begin PBXVariantGroup section */
		1AEBE2A12509DF5D001840F5 /* Main.storyboard */ = {
			isa = PBXVariantGroup;
			children = (
				1AEBE2A22509DF5D001840F5 /* Base */,
			);
			name = Main.storyboard;
			sourceTree = "<group>";
		};
		1AEBE2A62509DF5F001840F5 /* LaunchScreen.storyboard */ = {
			isa = PBXVariantGroup;
			children = (
				1AEBE2A72509DF5F001840F5 /* Base */,
			);
			name = LaunchScreen.storyboard;
			sourceTree = "<group>";
		};
/* End PBXVariantGroup section */

/* Begin XCBuildConfiguration section */
		1AEBE2AA2509DF5F001840F5 /* Debug */ = {
			isa = XCBuildConfiguration;
			buildSettings = {
				ALWAYS_SEARCH_USER_PATHS = NO;
				CLANG_ANALYZER_NONNULL = YES;
				CLANG_ANALYZER_NUMBER_OBJECT_CONVERSION = YES_AGGRESSIVE;
				CLANG_CXX_LANGUAGE_STANDARD = "gnu++14";
				CLANG_CXX_LIBRARY = "libc++";
				CLANG_ENABLE_MODULES = YES;
				CLANG_ENABLE_OBJC_ARC = YES;
				CLANG_ENABLE_OBJC_WEAK = YES;
				CLANG_WARN_BLOCK_CAPTURE_AUTORELEASING = YES;
				CLANG_WARN_BOOL_CONVERSION = YES;
				CLANG_WARN_COMMA = YES;
				CLANG_WARN_CONSTANT_CONVERSION = YES;
				CLANG_WARN_DEPRECATED_OBJC_IMPLEMENTATIONS = YES;
				CLANG_WARN_DIRECT_OBJC_ISA_USAGE = YES_ERROR;
				CLANG_WARN_DOCUMENTATION_COMMENTS = YES;
				CLANG_WARN_EMPTY_BODY = YES;
				CLANG_WARN_ENUM_CONVERSION = YES;
				CLANG_WARN_INFINITE_RECURSION = YES;
				CLANG_WARN_INT_CONVERSION = YES;
				CLANG_WARN_NON_LITERAL_NULL_CONVERSION = YES;
				CLANG_WARN_OBJC_IMPLICIT_RETAIN_SELF = YES;
				CLANG_WARN_OBJC_LITERAL_CONVERSION = YES;
				CLANG_WARN_OBJC_ROOT_CLASS = YES_ERROR;
				CLANG_WARN_RANGE_LOOP_ANALYSIS = YES;
				CLANG_WARN_STRICT_PROTOTYPES = YES;
				CLANG_WARN_SUSPICIOUS_MOVE = YES;
				CLANG_WARN_UNGUARDED_AVAILABILITY = YES_AGGRESSIVE;
				CLANG_WARN_UNREACHABLE_CODE = YES;
				CLANG_WARN__DUPLICATE_METHOD_MATCH = YES;
				COPY_PHASE_STRIP = NO;
				DEBUG_INFORMATION_FORMAT = dwarf;
				ENABLE_STRICT_OBJC_MSGSEND = YES;
				ENABLE_TESTABILITY = YES;
				GCC_C_LANGUAGE_STANDARD = gnu11;
				GCC_DYNAMIC_NO_PIC = NO;
				GCC_NO_COMMON_BLOCKS = YES;
				GCC_OPTIMIZATION_LEVEL = 0;
				GCC_PREPROCESSOR_DEFINITIONS = (
					"DEBUG=1",
					"$(inherited)",
				);
				GCC_WARN_64_TO_32_BIT_CONVERSION = YES;
				GCC_WARN_ABOUT_RETURN_TYPE = YES_ERROR;
				GCC_WARN_UNDECLARED_SELECTOR = YES;
				GCC_WARN_UNINITIALIZED_AUTOS = YES_AGGRESSIVE;
				GCC_WARN_UNUSED_FUNCTION = YES;
				GCC_WARN_UNUSED_VARIABLE = YES;
				IPHONEOS_DEPLOYMENT_TARGET = 13.7;
				MTL_ENABLE_DEBUG_INFO = INCLUDE_SOURCE;
				MTL_FAST_MATH = YES;
				ONLY_ACTIVE_ARCH = YES;
				SDKROOT = iphoneos;
				SWIFT_ACTIVE_COMPILATION_CONDITIONS = DEBUG;
				SWIFT_OPTIMIZATION_LEVEL = "-Onone";
			};
			name = Debug;
		};
		1AEBE2AB2509DF5F001840F5 /* Release */ = {
			isa = XCBuildConfiguration;
			buildSettings = {
				ALWAYS_SEARCH_USER_PATHS = NO;
				CLANG_ANALYZER_NONNULL = YES;
				CLANG_ANALYZER_NUMBER_OBJECT_CONVERSION = YES_AGGRESSIVE;
				CLANG_CXX_LANGUAGE_STANDARD = "gnu++14";
				CLANG_CXX_LIBRARY = "libc++";
				CLANG_ENABLE_MODULES = YES;
				CLANG_ENABLE_OBJC_ARC = YES;
				CLANG_ENABLE_OBJC_WEAK = YES;
				CLANG_WARN_BLOCK_CAPTURE_AUTORELEASING = YES;
				CLANG_WARN_BOOL_CONVERSION = YES;
				CLANG_WARN_COMMA = YES;
				CLANG_WARN_CONSTANT_CONVERSION = YES;
				CLANG_WARN_DEPRECATED_OBJC_IMPLEMENTATIONS = YES;
				CLANG_WARN_DIRECT_OBJC_ISA_USAGE = YES_ERROR;
				CLANG_WARN_DOCUMENTATION_COMMENTS = YES;
				CLANG_WARN_EMPTY_BODY = YES;
				CLANG_WARN_ENUM_CONVERSION = YES;
				CLANG_WARN_INFINITE_RECURSION = YES;
				CLANG_WARN_INT_CONVERSION = YES;
				CLANG_WARN_NON_LITERAL_NULL_CONVERSION = YES;
				CLANG_WARN_OBJC_IMPLICIT_RETAIN_SELF = YES;
				CLANG_WARN_OBJC_LITERAL_CONVERSION = YES;
				CLANG_WARN_OBJC_ROOT_CLASS = YES_ERROR;
				CLANG_WARN_RANGE_LOOP_ANALYSIS = YES;
				CLANG_WARN_STRICT_PROTOTYPES = YES;
				CLANG_WARN_SUSPICIOUS_MOVE = YES;
				CLANG_WARN_UNGUARDED_AVAILABILITY = YES_AGGRESSIVE;
				CLANG_WARN_UNREACHABLE_CODE = YES;
				CLANG_WARN__DUPLICATE_METHOD_MATCH = YES;
				COPY_PHASE_STRIP = NO;
				DEBUG_INFORMATION_FORMAT = "dwarf-with-dsym";
				ENABLE_NS_ASSERTIONS = NO;
				ENABLE_STRICT_OBJC_MSGSEND = YES;
				GCC_C_LANGUAGE_STANDARD = gnu11;
				GCC_NO_COMMON_BLOCKS = YES;
				GCC_WARN_64_TO_32_BIT_CONVERSION = YES;
				GCC_WARN_ABOUT_RETURN_TYPE = YES_ERROR;
				GCC_WARN_UNDECLARED_SELECTOR = YES;
				GCC_WARN_UNINITIALIZED_AUTOS = YES_AGGRESSIVE;
				GCC_WARN_UNUSED_FUNCTION = YES;
				GCC_WARN_UNUSED_VARIABLE = YES;
				IPHONEOS_DEPLOYMENT_TARGET = 13.7;
				MTL_ENABLE_DEBUG_INFO = NO;
				MTL_FAST_MATH = YES;
				SDKROOT = iphoneos;
				SWIFT_COMPILATION_MODE = wholemodule;
				SWIFT_OPTIMIZATION_LEVEL = "-O";
				VALIDATE_PRODUCT = YES;
			};
			name = Release;
		};
		1AEBE2AD2509DF5F001840F5 /* Debug */ = {
			isa = XCBuildConfiguration;
			baseConfigurationReference = 9E1C1F73750D4A0A21B231C1 /* Pods-KakaoBank-iOS.debug.xcconfig */;
			buildSettings = {
				ASSETCATALOG_COMPILER_APPICON_NAME = AppIcon;
				CODE_SIGN_IDENTITY = "Apple Development";
				CODE_SIGN_STYLE = Automatic;
				DEVELOPMENT_TEAM = ACH3C2N389;
				INFOPLIST_FILE = "KakaoBank-iOS/Supporting Files/Info.plist";
				IPHONEOS_DEPLOYMENT_TARGET = 11.4;
				LD_RUNPATH_SEARCH_PATHS = (
					"$(inherited)",
					"@executable_path/Frameworks",
				);
				PRODUCT_BUNDLE_IDENTIFIER = "test.coding.KakaoBank-iOS";
				PRODUCT_NAME = KaBank;
				PROVISIONING_PROFILE_SPECIFIER = "";
				SWIFT_VERSION = 5.0;
				TARGETED_DEVICE_FAMILY = 1;
			};
			name = Debug;
		};
		1AEBE2AE2509DF5F001840F5 /* Release */ = {
			isa = XCBuildConfiguration;
			baseConfigurationReference = A5319E0BDD721BD62A9FA585 /* Pods-KakaoBank-iOS.release.xcconfig */;
			buildSettings = {
				ASSETCATALOG_COMPILER_APPICON_NAME = AppIcon;
				CODE_SIGN_IDENTITY = "Apple Development";
				CODE_SIGN_STYLE = Automatic;
				DEVELOPMENT_TEAM = ACH3C2N389;
				INFOPLIST_FILE = "KakaoBank-iOS/Supporting Files/Info.plist";
				IPHONEOS_DEPLOYMENT_TARGET = 11.4;
				LD_RUNPATH_SEARCH_PATHS = (
					"$(inherited)",
					"@executable_path/Frameworks",
				);
				PRODUCT_BUNDLE_IDENTIFIER = "test.coding.KakaoBank-iOS";
				PRODUCT_NAME = KaBank;
				PROVISIONING_PROFILE_SPECIFIER = "";
				SWIFT_VERSION = 5.0;
				TARGETED_DEVICE_FAMILY = 1;
			};
			name = Release;
		};
/* End XCBuildConfiguration section */

/* Begin XCConfigurationList section */
		1AEBE2912509DF5D001840F5 /* Build configuration list for PBXProject "KakaoBank-iOS" */ = {
			isa = XCConfigurationList;
			buildConfigurations = (
				1AEBE2AA2509DF5F001840F5 /* Debug */,
				1AEBE2AB2509DF5F001840F5 /* Release */,
			);
			defaultConfigurationIsVisible = 0;
			defaultConfigurationName = Release;
		};
		1AEBE2AC2509DF5F001840F5 /* Build configuration list for PBXNativeTarget "KakaoBank-iOS" */ = {
			isa = XCConfigurationList;
			buildConfigurations = (
				1AEBE2AD2509DF5F001840F5 /* Debug */,
				1AEBE2AE2509DF5F001840F5 /* Release */,
			);
			defaultConfigurationIsVisible = 0;
			defaultConfigurationName = Release;
		};
/* End XCConfigurationList section */
	};
	rootObject = 1AEBE28E2509DF5D001840F5 /* Project object */;
}
